
Microsoft Visual Studio Solution File, Format Version 12.00
# Visual Studio Version 16
VisualStudioVersion = 16.0.30104.148
MinimumVisualStudioVersion = 10.0.40219.1
Project("{FAE04EC0-301F-11D3-BF4B-00C04F79EFBC}") = "Đồ án", "Đồ án\Đồ án.csproj", "{06F23C64-5A2B-4B54-8CAC-40981D3A2669}"
EndProject
Global
	GlobalSection(SolutionConfigurationPlatforms) = preSolution
		Debug|Any CPU = Debug|Any CPU
		Release|Any CPU = Release|Any CPU
	EndGlobalSection
	GlobalSection(ProjectConfigurationPlatforms) = postSolution
		{06F23C64-5A2B-4B54-8CAC-40981D3A2669}.Debug|Any CPU.ActiveCfg = Debug|Any CPU
		{06F23C64-5A2B-4B54-8CAC-40981D3A2669}.Debug|Any CPU.Build.0 = Debug|Any CPU
		{06F23C64-5A2B-4B54-8CAC-40981D3A2669}.Release|Any CPU.ActiveCfg = Release|Any CPU
		{06F23C64-5A2B-4B54-8CAC-40981D3A2669}.Release|Any CPU.Build.0 = Release|Any CPU
	EndGlobalSection
	GlobalSection(SolutionProperties) = preSolution
		HideSolutionNode = FALSE
	EndGlobalSection
	GlobalSection(ExtensibilityGlobals) = postSolution
		SolutionGuid = {2787F7D4-F17F-4A43-B935-89990F927D6E}
	EndGlobalSection
EndGlobal
